PODS:
  - camera_avfoundation (0.0.1):
    - Flutter
  - device_info_plus (0.0.1):
    - Flutter
  - Flutter (1.0.0)
  - geolocator_apple (1.2.0):
    - Flutter
    - FlutterMacOS
  - image_picker_ios (0.0.1):
    - Flutter
  - libwebp (1.5.0):
    - libwebp/demux (= 1.5.0)
    - libwebp/mux (= 1.5.0)
    - libwebp/sharpyuv (= 1.5.0)
    - libwebp/webp (= 1.5.0)
  - libwebp/demux (1.5.0):
    - libwebp/webp
  - libwebp/mux (1.5.0):
    - libwebp/demux
  - libwebp/sharpyuv (1.5.0)
  - libwebp/webp (1.5.0):
    - libwebp/sharpyuv
  - native_device_orientation (0.0.1):
    - Flutter
  - package_info_plus (0.4.5):
    - Flutter
  - path_provider_foundation (0.0.1):
    - Flutter
    - FlutterMacOS
  - permission_handler_apple (9.3.0):
    - Flutter
  - photo_manager (2.0.0):
    - Flutter
    - FlutterMacOS
  - shared_preferences_foundation (0.0.1):
    - Flutter
    - FlutterMacOS
  - sqflite_darwin (0.0.4):
    - Flutter
    - FlutterMacOS
  - url_launcher_ios (0.0.1):
    - Flutter
  - video_player_avfoundation (0.0.1):
    - Flutter
    - FlutterMacOS
  - video_thumbnail (0.0.1):
    - Flutter
    - libwebp
  - yandex_maps_mapkit (1.0.0):
    - Flutter
    - YandexMapsMobile (= 4.15.0-beta-full-flutter)
  - YandexMapsMobile (4.15.0-beta-full-flutter)

DEPENDENCIES:
  - camera_avfoundation (from `.symlinks/plugins/camera_avfoundation/ios`)
  - device_info_plus (from `.symlinks/plugins/device_info_plus/ios`)
  - Flutter (from `Flutter`)
  - geolocator_apple (from `.symlinks/plugins/geolocator_apple/darwin`)
  - image_picker_ios (from `.symlinks/plugins/image_picker_ios/ios`)
  - native_device_orientation (from `.symlinks/plugins/native_device_orientation/ios`)
  - package_info_plus (from `.symlinks/plugins/package_info_plus/ios`)
  - path_provider_foundation (from `.symlinks/plugins/path_provider_foundation/darwin`)
  - permission_handler_apple (from `.symlinks/plugins/permission_handler_apple/ios`)
  - photo_manager (from `.symlinks/plugins/photo_manager/ios`)
  - shared_preferences_foundation (from `.symlinks/plugins/shared_preferences_foundation/darwin`)
  - sqflite_darwin (from `.symlinks/plugins/sqflite_darwin/darwin`)
  - url_launcher_ios (from `.symlinks/plugins/url_launcher_ios/ios`)
  - video_player_avfoundation (from `.symlinks/plugins/video_player_avfoundation/darwin`)
  - video_thumbnail (from `.symlinks/plugins/video_thumbnail/ios`)
  - yandex_maps_mapkit (from `.symlinks/plugins/yandex_maps_mapkit/ios`)

SPEC REPOS:
  trunk:
    - libwebp
    - YandexMapsMobile

EXTERNAL SOURCES:
  camera_avfoundation:
    :path: ".symlinks/plugins/camera_avfoundation/ios"
  device_info_plus:
    :path: ".symlinks/plugins/device_info_plus/ios"
  Flutter:
    :path: Flutter
  geolocator_apple:
    :path: ".symlinks/plugins/geolocator_apple/darwin"
  image_picker_ios:
    :path: ".symlinks/plugins/image_picker_ios/ios"
  native_device_orientation:
    :path: ".symlinks/plugins/native_device_orientation/ios"
  package_info_plus:
    :path: ".symlinks/plugins/package_info_plus/ios"
  path_provider_foundation:
    :path: ".symlinks/plugins/path_provider_foundation/darwin"
  permission_handler_apple:
    :path: ".symlinks/plugins/permission_handler_apple/ios"
  photo_manager:
    :path: ".symlinks/plugins/photo_manager/ios"
  shared_preferences_foundation:
    :path: ".symlinks/plugins/shared_preferences_foundation/darwin"
  sqflite_darwin:
    :path: ".symlinks/plugins/sqflite_darwin/darwin"
  url_launcher_ios:
    :path: ".symlinks/plugins/url_launcher_ios/ios"
  video_player_avfoundation:
    :path: ".symlinks/plugins/video_player_avfoundation/darwin"
  video_thumbnail:
    :path: ".symlinks/plugins/video_thumbnail/ios"
  yandex_maps_mapkit:
    :path: ".symlinks/plugins/yandex_maps_mapkit/ios"

SPEC CHECKSUMS:
  camera_avfoundation: adb0207d868b2d873e895371d88448399ab78d87
  device_info_plus: bf2e3232933866d73fe290f2942f2156cdd10342
  Flutter: e0871f40cf51350855a761d2e70bf5af5b9b5de7
  geolocator_apple: 66b711889fd333205763b83c9dcf0a57a28c7afd
  image_picker_ios: c560581cceedb403a6ff17f2f816d7fea1421fc1
  libwebp: 02b23773aedb6ff1fd38cec7a77b81414c6842a8
  native_device_orientation: 348b10c346a60ebbc62fb235a4fdb5d1b61a8f55
  package_info_plus: c0502532a26c7662a62a356cebe2692ec5fe4ec4
  path_provider_foundation: 2b6b4c569c0fb62ec74538f866245ac84301af46
  permission_handler_apple: 9878588469a2b0d0fc1e048d9f43605f92e6cec2
  photo_manager: ff695c7a1dd5bc379974953a2b5c0a293f7c4c8a
  shared_preferences_foundation: fcdcbc04712aee1108ac7fda236f363274528f78
  sqflite_darwin: 5a7236e3b501866c1c9befc6771dfd73ffb8702d
  url_launcher_ios: 5334b05cef931de560670eeae103fd3e431ac3fe
  video_player_avfoundation: 7c6c11d8470e1675df7397027218274b6d2360b3
  video_thumbnail: c4e2a3c539e247d4de13cd545344fd2d26ffafd1
  yandex_maps_mapkit: 51b725f47ba1b600f86ad99f6deaa9b1a181078d
  YandexMapsMobile: a8692541e8c4448efb2d6cd559dd7d769d4e39a7

PODFILE CHECKSUM: d3c4f09c01f452304773d831cb582949a252816f

COCOAPODS: 1.15.2
